
Microsoft Visual Studio Solution File, Format Version 12.00
# Visual Studio 15
VisualStudioVersion = 15.0.26430.14
MinimumVisualStudioVersion = 10.0.40219.1
Project("{FAE04EC0-301F-11D3-BF4B-00C04F79EFBC}") = "StudentLibrary", "StudentLibrary\StudentLibrary.csproj", "{632233E8-83C0-410D-9707-3ACA4DD7E82A}"
EndProject
Project("{FAE04EC0-301F-11D3-BF4B-00C04F79EFBC}") = "PokemonRunLibrary", "PokemonRunLibrary\PokemonRunLibrary.csproj", "{330BD233-F2FC-4115-AD72-9040DB9DC115}"
EndProject
Project("{FAE04EC0-301F-11D3-BF4B-00C04F79EFBC}") = "AppleStorebrary", "AppleStorebrary\AppleStorebrary.csproj", "{7F46F035-CA3C-43A2-8D39-8345D42894C6}"
EndProject
Project("{FAE04EC0-301F-11D3-BF4B-00C04F79EFBC}") = "EasyMathLibrary", "EasyMathLibrary\EasyMathLibrary.csproj", "{A2F177BB-D5DD-4FB4-9767-084390C8C0FA}"
EndProject
Global
	GlobalSection(SolutionConfigurationPlatforms) = preSolution
		Debug|Any CPU = Debug|Any CPU
		Release|Any CPU = Release|Any CPU
	EndGlobalSection
	GlobalSection(ProjectConfigurationPlatforms) = postSolution
		{632233E8-83C0-410D-9707-3ACA4DD7E82A}.Debug|Any CPU.ActiveCfg = Debug|Any CPU
		{632233E8-83C0-410D-9707-3ACA4DD7E82A}.Debug|Any CPU.Build.0 = Debug|Any CPU
		{632233E8-83C0-410D-9707-3ACA4DD7E82A}.Release|Any CPU.ActiveCfg = Release|Any CPU
		{632233E8-83C0-410D-9707-3ACA4DD7E82A}.Release|Any CPU.Build.0 = Release|Any CPU
		{330BD233-F2FC-4115-AD72-9040DB9DC115}.Debug|Any CPU.ActiveCfg = Debug|Any CPU
		{330BD233-F2FC-4115-AD72-9040DB9DC115}.Debug|Any CPU.Build.0 = Debug|Any CPU
		{330BD233-F2FC-4115-AD72-9040DB9DC115}.Release|Any CPU.ActiveCfg = Release|Any CPU
		{330BD233-F2FC-4115-AD72-9040DB9DC115}.Release|Any CPU.Build.0 = Release|Any CPU
		{7F46F035-CA3C-43A2-8D39-8345D42894C6}.Debug|Any CPU.ActiveCfg = Debug|Any CPU
		{7F46F035-CA3C-43A2-8D39-8345D42894C6}.Debug|Any CPU.Build.0 = Debug|Any CPU
		{7F46F035-CA3C-43A2-8D39-8345D42894C6}.Release|Any CPU.ActiveCfg = Release|Any CPU
		{7F46F035-CA3C-43A2-8D39-8345D42894C6}.Release|Any CPU.Build.0 = Release|Any CPU
		{A2F177BB-D5DD-4FB4-9767-084390C8C0FA}.Debug|Any CPU.ActiveCfg = Debug|Any CPU
		{A2F177BB-D5DD-4FB4-9767-084390C8C0FA}.Debug|Any CPU.Build.0 = Debug|Any CPU
		{A2F177BB-D5DD-4FB4-9767-084390C8C0FA}.Release|Any CPU.ActiveCfg = Release|Any CPU
		{A2F177BB-D5DD-4FB4-9767-084390C8C0FA}.Release|Any CPU.Build.0 = Release|Any CPU
	EndGlobalSection
	GlobalSection(SolutionProperties) = preSolution
		HideSolutionNode = FALSE
	EndGlobalSection
EndGlobal
